
Microsoft Visual Studio Solution File, Format Version 12.00
# Visual Studio Version 17
VisualStudioVersion = 17.3.32929.385
MinimumVisualStudioVersion = 10.0.40219.1
Project("{9A19103F-16F7-4668-BE54-9A1E7A4F7556}") = "Domain", "Domain\Domain.csproj", "{186A0B68-BEB0-4D9F-BCF4-039DB249A72A}"
EndProject
Project("{9A19103F-16F7-4668-BE54-9A1E7A4F7556}") = "Application", "Application\Application.csproj", "{605B7B68-FEDA-4532-9F09-49B8CC4F7302}"
EndProject
Project("{9A19103F-16F7-4668-BE54-9A1E7A4F7556}") = "Infrastructure", "Infrastructure\Infrastructure.csproj", "{D7AAC4F8-BC72-4DE8-9C5C-7B4A1E62F08F}"
EndProject
Project("{9A19103F-16F7-4668-BE54-9A1E7A4F7556}") = "ConsolePresentation", "ConsolePresentation\ConsolePresentation.csproj", "{A9287ADE-7DFE-4471-8BCD-99202ED9E81A}"
EndProject
Project("{9A19103F-16F7-4668-BE54-9A1E7A4F7556}") = "WebAPI", "WebAPI\WebAPI.csproj", "{36EE7042-34F1-495F-95A5-5E42B09044F6}"
EndProject
Global
	GlobalSection(SolutionConfigurationPlatforms) = preSolution
		Debug|Any CPU = Debug|Any CPU
		Release|Any CPU = Release|Any CPU
	EndGlobalSection
	GlobalSection(ProjectConfigurationPlatforms) = postSolution
		{186A0B68-BEB0-4D9F-BCF4-039DB249A72A}.Debug|Any CPU.ActiveCfg = Debug|Any CPU
		{186A0B68-BEB0-4D9F-BCF4-039DB249A72A}.Debug|Any CPU.Build.0 = Debug|Any CPU
		{186A0B68-BEB0-4D9F-BCF4-039DB249A72A}.Release|Any CPU.ActiveCfg = Release|Any CPU
		{186A0B68-BEB0-4D9F-BCF4-039DB249A72A}.Release|Any CPU.Build.0 = Release|Any CPU
		{605B7B68-FEDA-4532-9F09-49B8CC4F7302}.Debug|Any CPU.ActiveCfg = Debug|Any CPU
		{605B7B68-FEDA-4532-9F09-49B8CC4F7302}.Debug|Any CPU.Build.0 = Debug|Any CPU
		{605B7B68-FEDA-4532-9F09-49B8CC4F7302}.Release|Any CPU.ActiveCfg = Release|Any CPU
		{605B7B68-FEDA-4532-9F09-49B8CC4F7302}.Release|Any CPU.Build.0 = Release|Any CPU
		{D7AAC4F8-BC72-4DE8-9C5C-7B4A1E62F08F}.Debug|Any CPU.ActiveCfg = Debug|Any CPU
		{D7AAC4F8-BC72-4DE8-9C5C-7B4A1E62F08F}.Debug|Any CPU.Build.0 = Debug|Any CPU
		{D7AAC4F8-BC72-4DE8-9C5C-7B4A1E62F08F}.Release|Any CPU.ActiveCfg = Release|Any CPU
		{D7AAC4F8-BC72-4DE8-9C5C-7B4A1E62F08F}.Release|Any CPU.Build.0 = Release|Any CPU
		{A9287ADE-7DFE-4471-8BCD-99202ED9E81A}.Debug|Any CPU.ActiveCfg = Debug|Any CPU
		{A9287ADE-7DFE-4471-8BCD-99202ED9E81A}.Debug|Any CPU.Build.0 = Debug|Any CPU
		{A9287ADE-7DFE-4471-8BCD-99202ED9E81A}.Release|Any CPU.ActiveCfg = Release|Any CPU
		{A9287ADE-7DFE-4471-8BCD-99202ED9E81A}.Release|Any CPU.Build.0 = Release|Any CPU
		{36EE7042-34F1-495F-95A5-5E42B09044F6}.Debug|Any CPU.ActiveCfg = Debug|Any CPU
		{36EE7042-34F1-495F-95A5-5E42B09044F6}.Debug|Any CPU.Build.0 = Debug|Any CPU
		{36EE7042-34F1-495F-95A5-5E42B09044F6}.Release|Any CPU.ActiveCfg = Release|Any CPU
		{36EE7042-34F1-495F-95A5-5E42B09044F6}.Release|Any CPU.Build.0 = Release|Any CPU
	EndGlobalSection
	GlobalSection(SolutionProperties) = preSolution
		HideSolutionNode = FALSE
	EndGlobalSection
	GlobalSection(ExtensibilityGlobals) = postSolution
		SolutionGuid = {F188554C-FC96-48C7-A5C4-EFD63BEA4DDF}
	EndGlobalSection
EndGlobal
