
Microsoft Visual Studio Solution File, Format Version 12.00
# Visual Studio Version 17
VisualStudioVersion = 17.3.32929.385
MinimumVisualStudioVersion = 10.0.40219.1
Project("{FAE04EC0-301F-11D3-BF4B-00C04F79EFBC}") = "SingletonSample", "SingletonSample\SingletonSample.csproj", "{C35A0CB6-BD4E-448B-923A-3EDC94D436D0}"
EndProject
Project("{FAE04EC0-301F-11D3-BF4B-00C04F79EFBC}") = "FactorySample", "FactorySample\FactorySample.csproj", "{E1BA4C3F-AF47-4B6D-A031-8BD7290DAFE9}"
EndProject
Global
	GlobalSection(SolutionConfigurationPlatforms) = preSolution
		Debug|Any CPU = Debug|Any CPU
		Release|Any CPU = Release|Any CPU
	EndGlobalSection
	GlobalSection(ProjectConfigurationPlatforms) = postSolution
		{C35A0CB6-BD4E-448B-923A-3EDC94D436D0}.Debug|Any CPU.ActiveCfg = Debug|Any CPU
		{C35A0CB6-BD4E-448B-923A-3EDC94D436D0}.Debug|Any CPU.Build.0 = Debug|Any CPU
		{C35A0CB6-BD4E-448B-923A-3EDC94D436D0}.Release|Any CPU.ActiveCfg = Release|Any CPU
		{C35A0CB6-BD4E-448B-923A-3EDC94D436D0}.Release|Any CPU.Build.0 = Release|Any CPU
		{E1BA4C3F-AF47-4B6D-A031-8BD7290DAFE9}.Debug|Any CPU.ActiveCfg = Debug|Any CPU
		{E1BA4C3F-AF47-4B6D-A031-8BD7290DAFE9}.Debug|Any CPU.Build.0 = Debug|Any CPU
		{E1BA4C3F-AF47-4B6D-A031-8BD7290DAFE9}.Release|Any CPU.ActiveCfg = Release|Any CPU
		{E1BA4C3F-AF47-4B6D-A031-8BD7290DAFE9}.Release|Any CPU.Build.0 = Release|Any CPU
	EndGlobalSection
	GlobalSection(SolutionProperties) = preSolution
		HideSolutionNode = FALSE
	EndGlobalSection
	GlobalSection(ExtensibilityGlobals) = postSolution
		SolutionGuid = {BE456BC6-87AB-48B9-B032-B3CE239944E1}
	EndGlobalSection
EndGlobal
