
Microsoft Visual Studio Solution File, Format Version 12.00
# Visual Studio Version 17
VisualStudioVersion = 17.3.32929.385
MinimumVisualStudioVersion = 10.0.40219.1
Project("{FAE04EC0-301F-11D3-BF4B-00C04F79EFBC}") = "Strategy", "Strategy\Strategy.csproj", "{467C585C-90A9-443F-829B-23365A8F72A7}"
EndProject
Project("{FAE04EC0-301F-11D3-BF4B-00C04F79EFBC}") = "Observable", "Observable\Observable.csproj", "{60BAF462-5037-4D2F-9507-BF4B63546EFC}"
EndProject
Project("{FAE04EC0-301F-11D3-BF4B-00C04F79EFBC}") = "Template", "Template\Template.csproj", "{BFB0CBF7-39B8-4304-B74E-4924445ABDA9}"
EndProject
Global
	GlobalSection(SolutionConfigurationPlatforms) = preSolution
		Debug|Any CPU = Debug|Any CPU
		Release|Any CPU = Release|Any CPU
	EndGlobalSection
	GlobalSection(ProjectConfigurationPlatforms) = postSolution
		{467C585C-90A9-443F-829B-23365A8F72A7}.Debug|Any CPU.ActiveCfg = Debug|Any CPU
		{467C585C-90A9-443F-829B-23365A8F72A7}.Debug|Any CPU.Build.0 = Debug|Any CPU
		{467C585C-90A9-443F-829B-23365A8F72A7}.Release|Any CPU.ActiveCfg = Release|Any CPU
		{467C585C-90A9-443F-829B-23365A8F72A7}.Release|Any CPU.Build.0 = Release|Any CPU
		{60BAF462-5037-4D2F-9507-BF4B63546EFC}.Debug|Any CPU.ActiveCfg = Debug|Any CPU
		{60BAF462-5037-4D2F-9507-BF4B63546EFC}.Debug|Any CPU.Build.0 = Debug|Any CPU
		{60BAF462-5037-4D2F-9507-BF4B63546EFC}.Release|Any CPU.ActiveCfg = Release|Any CPU
		{60BAF462-5037-4D2F-9507-BF4B63546EFC}.Release|Any CPU.Build.0 = Release|Any CPU
		{BFB0CBF7-39B8-4304-B74E-4924445ABDA9}.Debug|Any CPU.ActiveCfg = Debug|Any CPU
		{BFB0CBF7-39B8-4304-B74E-4924445ABDA9}.Debug|Any CPU.Build.0 = Debug|Any CPU
		{BFB0CBF7-39B8-4304-B74E-4924445ABDA9}.Release|Any CPU.ActiveCfg = Release|Any CPU
		{BFB0CBF7-39B8-4304-B74E-4924445ABDA9}.Release|Any CPU.Build.0 = Release|Any CPU
	EndGlobalSection
	GlobalSection(SolutionProperties) = preSolution
		HideSolutionNode = FALSE
	EndGlobalSection
	GlobalSection(ExtensibilityGlobals) = postSolution
		SolutionGuid = {CDD4F975-7D95-4DCB-B9B7-4F189254AA03}
	EndGlobalSection
EndGlobal
